// !$*UTF8*$!
{
	archiveVersion = 1;
	classes = {
	};
	objectVersion = 77;
	objects = {

/* Begin PBXBuildFile section */
		CB6DF12A2EF6BC7F0019840D /* DreamWeaver WatchKit Extension.appex in Embed App Extensions */ = {isa = PBXBuildFile; fileRef = CB6DF1232EF6BC7F0019840D /* DreamWeaver WatchKit Extension.appex */; settings = {ATTRIBUTES = (RemoveHeadersOnCopy, ); }; };
		CB6DF12B2EF6BC7F0019840D /* DreamWeaver WatchKit App.app in Embed Watch Content */ = {isa = PBXBuildFile; fileRef = CB6DF1222EF6BC7F0019840D /* DreamWeaver WatchKit App.app */; settings = {ATTRIBUTES = (RemoveHeadersOnCopy, ); }; };
		CB6FF0022F3A000000000001 /* IwatchAppAssets.xcassets in Resources */ = {isa = PBXBuildFile; fileRef = CB6FF0012F3A000000000001 /* IwatchAppAssets.xcassets */; };
/* End PBXBuildFile section */

/* Begin PBXContainerItemProxy section */
		CB6DEA6C2EF6AAAC0019840D /* PBXContainerItemProxy */ = {
			isa = PBXContainerItemProxy;
			containerPortal = CB6DEA542EF6AAAA0019840D /* Project object */;
			proxyType = 1;
			remoteGlobalIDString = CB6DEA5B2EF6AAAA0019840D;
			remoteInfo = DreamWeaver;
		};
		CB6DEA762EF6AAAC0019840D /* PBXContainerItemProxy */ = {
			isa = PBXContainerItemProxy;
			containerPortal = CB6DEA542EF6AAAA0019840D /* Project object */;
			proxyType = 1;
			remoteGlobalIDString = CB6DEA5B2EF6AAAA0019840D;
			remoteInfo = DreamWeaver;
		};
		CB6DF12C2EF6BC7F0019840D /* PBXContainerItemProxy */ = {
			isa = PBXContainerItemProxy;
			containerPortal = CB6DEA542EF6AAAA0019840D /* Project object */;
			proxyType = 1;
			remoteGlobalIDString = CB6DF1212EF6BC7F0019840D;
			remoteInfo = "DreamWeaver WatchKit Extension";
		};
		CB6DF12D2EF6BC7F0019840D /* PBXContainerItemProxy */ = {
			isa = PBXContainerItemProxy;
			containerPortal = CB6DEA542EF6AAAA0019840D /* Project object */;
			proxyType = 1;
			remoteGlobalIDString = CB6DF1202EF6BC7F0019840D;
			remoteInfo = "DreamWeaver WatchKit App";
		};
/* End PBXContainerItemProxy section */

/* Begin PBXCopyFilesBuildPhase section */
		CB6DF1252EF6BC7F0019840D /* Embed App Extensions */ = {
			isa = PBXCopyFilesBuildPhase;
			buildActionMask = 2147483647;
			dstPath = "";
			dstSubfolderSpec = 13;
			files = (
				CB6DF12A2EF6BC7F0019840D /* DreamWeaver WatchKit Extension.appex in Embed App Extensions */,
			);
			name = "Embed App Extensions";
			runOnlyForDeploymentPostprocessing = 0;
		};
		CB6DF1292EF6BC7F0019840D /* Embed Watch Content */ = {
			isa = PBXCopyFilesBuildPhase;
			buildActionMask = 2147483647;
			dstPath = "";
			dstSubfolderSpec = 13;
			files = (
				CB6DF12B2EF6BC7F0019840D /* DreamWeaver WatchKit App.app in Embed Watch Content */,
			);
			name = "Embed Watch Content";
			runOnlyForDeploymentPostprocessing = 0;
		};
/* End PBXCopyFilesBuildPhase section */

/* Begin PBXFileReference section */
		CB6DEA5C2EF6AAAA0019840D /* DreamWeaver.app */ = {isa = PBXFileReference; explicitFileType = wrapper.application; includeInIndex = 0; path = DreamWeaver.app; sourceTree = BUILT_PRODUCTS_DIR; };
		CB6DEA6B2EF6AAAC0019840D /* DreamWeaverTests.xctest */ = {isa = PBXFileReference; explicitFileType = wrapper.cfbundle; includeInIndex = 0; path = DreamWeaverTests.xctest; sourceTree = BUILT_PRODUCTS_DIR; };
		CB6DEA752EF6AAAC0019840D /* DreamWeaverUITests.xctest */ = {isa = PBXFileReference; explicitFileType = wrapper.cfbundle; includeInIndex = 0; path = DreamWeaverUITests.xctest; sourceTree = BUILT_PRODUCTS_DIR; };
		CB6DF1222EF6BC7F0019840D /* DreamWeaver WatchKit App.app */ = {isa = PBXFileReference; explicitFileType = wrapper.application; includeInIndex = 0; path = "DreamWeaver WatchKit App.app"; sourceTree = BUILT_PRODUCTS_DIR; };
		CB6DF1232EF6BC7F0019840D /* DreamWeaver WatchKit Extension.appex */ = {isa = PBXFileReference; explicitFileType = "wrapper.app-extension"; includeInIndex = 0; path = "DreamWeaver WatchKit Extension.appex"; sourceTree = BUILT_PRODUCTS_DIR; };
		CB6FF0012F3A000000000001 /* IwatchAppAssets.xcassets */ = {isa = PBXFileReference; lastKnownFileType = folder.assetcatalog; path = IwatchAppAssets.xcassets; sourceTree = "<group>"; };
/* End PBXFileReference section */

/* Begin PBXFileSystemSynchronizedRootGroup section */
		CB6DEA5E2EF6AAAA0019840D /* DreamWeaver */ = {
			isa = PBXFileSystemSynchronizedRootGroup;
			path = DreamWeaver;
			sourceTree = "<group>";
		};
		CB6DEA6E2EF6AAAC0019840D /* DreamWeaverTests */ = {
			isa = PBXFileSystemSynchronizedRootGroup;
			path = DreamWeaverTests;
			sourceTree = "<group>";
		};
		CB6DEA782EF6AAAC0019840D /* DreamWeaverUITests */ = {
			isa = PBXFileSystemSynchronizedRootGroup;
			path = DreamWeaverUITests;
			sourceTree = "<group>";
		};
		CB6DF1002EF6B1230019840D /* ../Models */ = {
			isa = PBXFileSystemSynchronizedRootGroup;
			path = ../Models;
			sourceTree = "<group>";
		};
		CB6DF1012EF6B1230019840D /* ../Services */ = {
			isa = PBXFileSystemSynchronizedRootGroup;
			path = ../Services;
			sourceTree = "<group>";
		};
		CB6DF1022EF6B1230019840D /* ../Views */ = {
			isa = PBXFileSystemSynchronizedRootGroup;
			path = ../Views;
			sourceTree = "<group>";
		};
		CB6DF1102EF6BC7F0019840D /* ../../Iwatch */ = {
			isa = PBXFileSystemSynchronizedRootGroup;
			path = ../../Iwatch;
			sourceTree = "<group>";
		};
		CB6FF0022F3A000000000002 /* ../../Shared */ = {
			isa = PBXFileSystemSynchronizedRootGroup;
			path = ../../Shared;
			sourceTree = "<group>";
		};
/* End PBXFileSystemSynchronizedRootGroup section */

/* Begin PBXFrameworksBuildPhase section */
		CB6DEA592EF6AAAA0019840D /* Frameworks */ = {
			isa = PBXFrameworksBuildPhase;
			buildActionMask = 2147483647;
			files = (
			);
			runOnlyForDeploymentPostprocessing = 0;
		};
		CB6DEA682EF6AAAC0019840D /* Frameworks */ = {
			isa = PBXFrameworksBuildPhase;
			buildActionMask = 2147483647;
			files = (
			);
			runOnlyForDeploymentPostprocessing = 0;
		};
		CB6DEA722EF6AAAC0019840D /* Frameworks */ = {
			isa = PBXFrameworksBuildPhase;
			buildActionMask = 2147483647;
			files = (
			);
			runOnlyForDeploymentPostprocessing = 0;
		};
		CB6DF1272EF6BC7F0019840D /* Frameworks */ = {
			isa = PBXFrameworksBuildPhase;
			buildActionMask = 2147483647;
			files = (
			);
			runOnlyForDeploymentPostprocessing = 0;
		};
/* End PBXFrameworksBuildPhase section */

/* Begin PBXGroup section */
		CB6DEA532EF6AAAA0019840D = {
			isa = PBXGroup;
			children = (
				CB6DEA5E2EF6AAAA0019840D /* DreamWeaver */,
				CB6DF1002EF6B1230019840D /* ../Models */,
				CB6DF1012EF6B1230019840D /* ../Services */,
				CB6DF1022EF6B1230019840D /* ../Views */,
				CB6DF1102EF6BC7F0019840D /* ../../Iwatch */,
				CB6FF0022F3A000000000002 /* ../../Shared */,
				CB6FF0012F3A000000000001 /* IwatchAppAssets.xcassets */,
				CB6DEA6E2EF6AAAC0019840D /* DreamWeaverTests */,
				CB6DEA782EF6AAAC0019840D /* DreamWeaverUITests */,
				CB6DEA5D2EF6AAAA0019840D /* Products */,
			);
			sourceTree = "<group>";
		};
		CB6DEA5D2EF6AAAA0019840D /* Products */ = {
			isa = PBXGroup;
			children = (
				CB6DEA5C2EF6AAAA0019840D /* DreamWeaver.app */,
				CB6DEA6B2EF6AAAC0019840D /* DreamWeaverTests.xctest */,
				CB6DEA752EF6AAAC0019840D /* DreamWeaverUITests.xctest */,
				CB6DF1222EF6BC7F0019840D /* DreamWeaver WatchKit App.app */,
				CB6DF1232EF6BC7F0019840D /* DreamWeaver WatchKit Extension.appex */,
			);
			name = Products;
			sourceTree = "<group>";
		};
/* End PBXGroup section */

/* Begin PBXNativeTarget section */
		CB6DEA5B2EF6AAAA0019840D /* DreamWeaver */ = {
			isa = PBXNativeTarget;
			buildConfigurationList = CB6DEA7F2EF6AAAC0019840D /* Build configuration list for PBXNativeTarget "DreamWeaver" */;
			buildPhases = (
				CB6DEA582EF6AAAA0019840D /* Sources */,
				CB6DEA592EF6AAAA0019840D /* Frameworks */,
				CB6DEA5A2EF6AAAA0019840D /* Resources */,
				CB6DF1292EF6BC7F0019840D /* Embed Watch Content */,
			);
			buildRules = (
			);
			dependencies = (
				CB6DF12F2EF6BC7F0019840D /* PBXTargetDependency */,
			);
			fileSystemSynchronizedGroups = (
				CB6DEA5E2EF6AAAA0019840D /* DreamWeaver */,
				CB6DF1002EF6B1230019840D /* ../Models */,
				CB6DF1012EF6B1230019840D /* ../Services */,
				CB6DF1022EF6B1230019840D /* ../Views */,
				CB6FF0022F3A000000000002 /* ../../Shared */,
			);
			name = DreamWeaver;
			packageProductDependencies = (
			);
			productName = DreamWeaver;
			productReference = CB6DEA5C2EF6AAAA0019840D /* DreamWeaver.app */;
			productType = "com.apple.product-type.application";
		};
		CB6DEA6A2EF6AAAC0019840D /* DreamWeaverTests */ = {
			isa = PBXNativeTarget;
			buildConfigurationList = CB6DEA822EF6AAAC0019840D /* Build configuration list for PBXNativeTarget "DreamWeaverTests" */;
			buildPhases = (
				CB6DEA672EF6AAAC0019840D /* Sources */,
				CB6DEA682EF6AAAC0019840D /* Frameworks */,
				CB6DEA692EF6AAAC0019840D /* Resources */,
			);
			buildRules = (
			);
			dependencies = (
				CB6DEA6D2EF6AAAC0019840D /* PBXTargetDependency */,
			);
			fileSystemSynchronizedGroups = (
				CB6DEA6E2EF6AAAC0019840D /* DreamWeaverTests */,
			);
			name = DreamWeaverTests;
			packageProductDependencies = (
			);
			productName = DreamWeaverTests;
			productReference = CB6DEA6B2EF6AAAC0019840D /* DreamWeaverTests.xctest */;
			productType = "com.apple.product-type.bundle.unit-test";
		};
		CB6DEA742EF6AAAC0019840D /* DreamWeaverUITests */ = {
			isa = PBXNativeTarget;
			buildConfigurationList = CB6DEA852EF6AAAC0019840D /* Build configuration list for PBXNativeTarget "DreamWeaverUITests" */;
			buildPhases = (
				CB6DEA712EF6AAAC0019840D /* Sources */,
				CB6DEA722EF6AAAC0019840D /* Frameworks */,
				CB6DEA732EF6AAAC0019840D /* Resources */,
			);
			buildRules = (
			);
			dependencies = (
				CB6DEA772EF6AAAC0019840D /* PBXTargetDependency */,
			);
			fileSystemSynchronizedGroups = (
				CB6DEA782EF6AAAC0019840D /* DreamWeaverUITests */,
			);
			name = DreamWeaverUITests;
			packageProductDependencies = (
			);
			productName = DreamWeaverUITests;
			productReference = CB6DEA752EF6AAAC0019840D /* DreamWeaverUITests.xctest */;
			productType = "com.apple.product-type.bundle.ui-testing";
		};
		CB6DF1202EF6BC7F0019840D /* DreamWeaver WatchKit App */ = {
			isa = PBXNativeTarget;
			buildConfigurationList = CB6DF1642EF6BC7F0019840D /* Build configuration list for PBXNativeTarget "DreamWeaver WatchKit App" */;
			buildPhases = (
				CB6DF1242EF6BC7F0019840D /* Resources */,
				CB6DF1252EF6BC7F0019840D /* Embed App Extensions */,
			);
			buildRules = (
			);
			dependencies = (
				CB6DF12E2EF6BC7F0019840D /* PBXTargetDependency */,
			);
			name = "DreamWeaver WatchKit App";
			productName = "DreamWeaver WatchKit App";
			productReference = CB6DF1222EF6BC7F0019840D /* DreamWeaver WatchKit App.app */;
			productType = "com.apple.product-type.application.watchapp2";
		};
		CB6DF1212EF6BC7F0019840D /* DreamWeaver WatchKit Extension */ = {
			isa = PBXNativeTarget;
			buildConfigurationList = CB6DF1652EF6BC7F0019840D /* Build configuration list for PBXNativeTarget "DreamWeaver WatchKit Extension" */;
			buildPhases = (
				CB6DF1262EF6BC7F0019840D /* Sources */,
				CB6DF1272EF6BC7F0019840D /* Frameworks */,
				CB6DF1282EF6BC7F0019840D /* Resources */,
			);
			buildRules = (
			);
			dependencies = (
			);
			fileSystemSynchronizedGroups = (
				CB6DF1102EF6BC7F0019840D /* ../../Iwatch */,
				CB6FF0022F3A000000000002 /* ../../Shared */,
			);
			name = "DreamWeaver WatchKit Extension";
			productName = "DreamWeaver WatchKit Extension";
			productReference = CB6DF1232EF6BC7F0019840D /* DreamWeaver WatchKit Extension.appex */;
			productType = "com.apple.product-type.watchkit2-extension";
		};
/* End PBXNativeTarget section */

/* Begin PBXProject section */
		CB6DEA542EF6AAAA0019840D /* Project object */ = {
			isa = PBXProject;
			attributes = {
				BuildIndependentTargetsInParallel = 1;
				LastSwiftUpdateCheck = 2620;
				LastUpgradeCheck = 2620;
				TargetAttributes = {
					CB6DEA5B2EF6AAAA0019840D = {
						CreatedOnToolsVersion = 26.2;
					};
					CB6DEA6A2EF6AAAC0019840D = {
						CreatedOnToolsVersion = 26.2;
						TestTargetID = CB6DEA5B2EF6AAAA0019840D;
					};
					CB6DEA742EF6AAAC0019840D = {
						CreatedOnToolsVersion = 26.2;
						TestTargetID = CB6DEA5B2EF6AAAA0019840D;
					};
					CB6DF1202EF6BC7F0019840D = {
						CreatedOnToolsVersion = 26.2;
						ProvisioningStyle = Automatic;
					};
					CB6DF1212EF6BC7F0019840D = {
						CreatedOnToolsVersion = 26.2;
						ProvisioningStyle = Automatic;
					};
				};
			};
			buildConfigurationList = CB6DEA572EF6AAAA0019840D /* Build configuration list for PBXProject "DreamWeaver" */;
			developmentRegion = en;
			hasScannedForEncodings = 0;
			knownRegions = (
				en,
				Base,
			);
			mainGroup = CB6DEA532EF6AAAA0019840D;
			minimizedProjectReferenceProxies = 1;
			preferredProjectObjectVersion = 77;
			productRefGroup = CB6DEA5D2EF6AAAA0019840D /* Products */;
			projectDirPath = "";
			projectRoot = "";
			targets = (
				CB6DEA5B2EF6AAAA0019840D /* DreamWeaver */,
				CB6DF1212EF6BC7F0019840D /* DreamWeaver WatchKit Extension */,
				CB6DF1202EF6BC7F0019840D /* DreamWeaver WatchKit App */,
				CB6DEA6A2EF6AAAC0019840D /* DreamWeaverTests */,
				CB6DEA742EF6AAAC0019840D /* DreamWeaverUITests */,
			);
		};
/* End PBXProject section */

/* Begin PBXResourcesBuildPhase section */
		CB6DEA5A2EF6AAAA0019840D /* Resources */ = {
			isa = PBXResourcesBuildPhase;
			buildActionMask = 2147483647;
			files = (
			);
			runOnlyForDeploymentPostprocessing = 0;
		};
		CB6DEA692EF6AAAC0019840D /* Resources */ = {
			isa = PBXResourcesBuildPhase;
			buildActionMask = 2147483647;
			files = (
			);
			runOnlyForDeploymentPostprocessing = 0;
		};
		CB6DEA732EF6AAAC0019840D /* Resources */ = {
			isa = PBXResourcesBuildPhase;
			buildActionMask = 2147483647;
			files = (
			);
			runOnlyForDeploymentPostprocessing = 0;
		};
		CB6DF1242EF6BC7F0019840D /* Resources */ = {
			isa = PBXResourcesBuildPhase;
			buildActionMask = 2147483647;
			files = (
				CB6FF0022F3A000000000001 /* IwatchAppAssets.xcassets in Resources */,
			);
			runOnlyForDeploymentPostprocessing = 0;
		};
		CB6DF1282EF6BC7F0019840D /* Resources */ = {
			isa = PBXResourcesBuildPhase;
			buildActionMask = 2147483647;
			files = (
			);
			runOnlyForDeploymentPostprocessing = 0;
		};
/* End PBXResourcesBuildPhase section */

/* Begin PBXSourcesBuildPhase section */
		CB6DEA582EF6AAAA0019840D /* Sources */ = {
			isa = PBXSourcesBuildPhase;
			buildActionMask = 2147483647;
			files = (
			);
			runOnlyForDeploymentPostprocessing = 0;
		};
		CB6DEA672EF6AAAC0019840D /* Sources */ = {
			isa = PBXSourcesBuildPhase;
			buildActionMask = 2147483647;
			files = (
			);
			runOnlyForDeploymentPostprocessing = 0;
		};
		CB6DEA712EF6AAAC0019840D /* Sources */ = {
			isa = PBXSourcesBuildPhase;
			buildActionMask = 2147483647;
			files = (
			);
			runOnlyForDeploymentPostprocessing = 0;
		};
		CB6DF1262EF6BC7F0019840D /* Sources */ = {
			isa = PBXSourcesBuildPhase;
			buildActionMask = 2147483647;
			files = (
			);
			runOnlyForDeploymentPostprocessing = 0;
		};
/* End PBXSourcesBuildPhase section */

/* Begin PBXTargetDependency section */
		CB6DEA6D2EF6AAAC0019840D /* PBXTargetDependency */ = {
			isa = PBXTargetDependency;
			target = CB6DEA5B2EF6AAAA0019840D /* DreamWeaver */;
			targetProxy = CB6DEA6C2EF6AAAC0019840D /* PBXContainerItemProxy */;
		};
		CB6DEA772EF6AAAC0019840D /* PBXTargetDependency */ = {
			isa = PBXTargetDependency;
			target = CB6DEA5B2EF6AAAA0019840D /* DreamWeaver */;
			targetProxy = CB6DEA762EF6AAAC0019840D /* PBXContainerItemProxy */;
		};
		CB6DF12E2EF6BC7F0019840D /* PBXTargetDependency */ = {
			isa = PBXTargetDependency;
			target = CB6DF1212EF6BC7F0019840D /* DreamWeaver WatchKit Extension */;
			targetProxy = CB6DF12C2EF6BC7F0019840D /* PBXContainerItemProxy */;
		};
		CB6DF12F2EF6BC7F0019840D /* PBXTargetDependency */ = {
			isa = PBXTargetDependency;
			target = CB6DF1202EF6BC7F0019840D /* DreamWeaver WatchKit App */;
			targetProxy = CB6DF12D2EF6BC7F0019840D /* PBXContainerItemProxy */;
		};
/* End PBXTargetDependency section */

/* Begin XCBuildConfiguration section */
		CB6DEA7D2EF6AAAC0019840D /* Debug */ = {
			isa = XCBuildConfiguration;
			buildSettings = {
				ALWAYS_SEARCH_USER_PATHS = NO;
				ASSETCATALOG_COMPILER_GENERATE_SWIFT_ASSET_SYMBOL_EXTENSIONS = YES;
				CLANG_ANALYZER_NONNULL = YES;
				CLANG_ANALYZER_NUMBER_OBJECT_CONVERSION = YES_AGGRESSIVE;
				CLANG_CXX_LANGUAGE_STANDARD = "gnu++20";
				CLANG_ENABLE_MODULES = YES;
				CLANG_ENABLE_OBJC_ARC = YES;
				CLANG_ENABLE_OBJC_WEAK = YES;
				CLANG_WARN_BLOCK_CAPTURE_AUTORELEASING = YES;
				CLANG_WARN_BOOL_CONVERSION = YES;
				CLANG_WARN_COMMA = YES;
				CLANG_WARN_CONSTANT_CONVERSION = YES;
				CLANG_WARN_DEPRECATED_OBJC_IMPLEMENTATIONS = YES;
				CLANG_WARN_DIRECT_OBJC_ISA_USAGE = YES_ERROR;
				CLANG_WARN_DOCUMENTATION_COMMENTS = YES;
				CLANG_WARN_EMPTY_BODY = YES;
				CLANG_WARN_ENUM_CONVERSION = YES;
				CLANG_WARN_INFINITE_RECURSION = YES;
				CLANG_WARN_INT_CONVERSION = YES;
				CLANG_WARN_NON_LITERAL_NULL_CONVERSION = YES;
				CLANG_WARN_OBJC_IMPLICIT_RETAIN_SELF = YES;
				CLANG_WARN_OBJC_LITERAL_CONVERSION = YES;
				CLANG_WARN_OBJC_ROOT_CLASS = YES_ERROR;
				CLANG_WARN_QUOTED_INCLUDE_IN_FRAMEWORK_HEADER = YES;
				CLANG_WARN_RANGE_LOOP_ANALYSIS = YES;
				CLANG_WARN_STRICT_PROTOTYPES = YES;
				CLANG_WARN_SUSPICIOUS_MOVE = YES;
				CLANG_WARN_UNGUARDED_AVAILABILITY = YES_AGGRESSIVE;
				CLANG_WARN_UNREACHABLE_CODE = YES;
				CLANG_WARN__DUPLICATE_METHOD_MATCH = YES;
				COPY_PHASE_STRIP = NO;
				DEBUG_INFORMATION_FORMAT = dwarf;
				DEVELOPMENT_TEAM = 28TCC8Y78C;
				ENABLE_STRICT_OBJC_MSGSEND = YES;
				ENABLE_TESTABILITY = YES;
				ENABLE_USER_SCRIPT_SANDBOXING = YES;
				GCC_C_LANGUAGE_STANDARD = gnu17;
				GCC_DYNAMIC_NO_PIC = NO;
				GCC_NO_COMMON_BLOCKS = YES;
				GCC_OPTIMIZATION_LEVEL = 0;
				GCC_PREPROCESSOR_DEFINITIONS = (
					"DEBUG=1",
					"$(inherited)",
				);
				GCC_WARN_64_TO_32_BIT_CONVERSION = YES;
				GCC_WARN_ABOUT_RETURN_TYPE = YES_ERROR;
				GCC_WARN_UNDECLARED_SELECTOR = YES;
				GCC_WARN_UNINITIALIZED_AUTOS = YES_AGGRESSIVE;
				GCC_WARN_UNUSED_FUNCTION = YES;
				GCC_WARN_UNUSED_VARIABLE = YES;
				IPHONEOS_DEPLOYMENT_TARGET = 26.2;
				LOCALIZATION_PREFERS_STRING_CATALOGS = YES;
				MTL_ENABLE_DEBUG_INFO = INCLUDE_SOURCE;
				MTL_FAST_MATH = YES;
				ONLY_ACTIVE_ARCH = YES;
				SDKROOT = iphoneos;
				SWIFT_ACTIVE_COMPILATION_CONDITIONS = "DEBUG $(inherited)";
				SWIFT_OPTIMIZATION_LEVEL = "-Onone";
			};
			name = Debug;
		};
		CB6DEA7E2EF6AAAC0019840D /* Release */ = {
			isa = XCBuildConfiguration;
			buildSettings = {
				ALWAYS_SEARCH_USER_PATHS = NO;
				ASSETCATALOG_COMPILER_GENERATE_SWIFT_ASSET_SYMBOL_EXTENSIONS = YES;
				CLANG_ANALYZER_NONNULL = YES;
				CLANG_ANALYZER_NUMBER_OBJECT_CONVERSION = YES_AGGRESSIVE;
				CLANG_CXX_LANGUAGE_STANDARD = "gnu++20";
				CLANG_ENABLE_MODULES = YES;
				CLANG_ENABLE_OBJC_ARC = YES;
				CLANG_ENABLE_OBJC_WEAK = YES;
				CLANG_WARN_BLOCK_CAPTURE_AUTORELEASING = YES;
				CLANG_WARN_BOOL_CONVERSION = YES;
				CLANG_WARN_COMMA = YES;
				CLANG_WARN_CONSTANT_CONVERSION = YES;
				CLANG_WARN_DEPRECATED_OBJC_IMPLEMENTATIONS = YES;
				CLANG_WARN_DIRECT_OBJC_ISA_USAGE = YES_ERROR;
				CLANG_WARN_DOCUMENTATION_COMMENTS = YES;
				CLANG_WARN_EMPTY_BODY = YES;
				CLANG_WARN_ENUM_CONVERSION = YES;
				CLANG_WARN_INFINITE_RECURSION = YES;
				CLANG_WARN_INT_CONVERSION = YES;
				CLANG_WARN_NON_LITERAL_NULL_CONVERSION = YES;
				CLANG_WARN_OBJC_IMPLICIT_RETAIN_SELF = YES;
				CLANG_WARN_OBJC_LITERAL_CONVERSION = YES;
				CLANG_WARN_OBJC_ROOT_CLASS = YES_ERROR;
				CLANG_WARN_QUOTED_INCLUDE_IN_FRAMEWORK_HEADER = YES;
				CLANG_WARN_RANGE_LOOP_ANALYSIS = YES;
				CLANG_WARN_STRICT_PROTOTYPES = YES;
				CLANG_WARN_SUSPICIOUS_MOVE = YES;
				CLANG_WARN_UNGUARDED_AVAILABILITY = YES_AGGRESSIVE;
				CLANG_WARN_UNREACHABLE_CODE = YES;
				CLANG_WARN__DUPLICATE_METHOD_MATCH = YES;
				COPY_PHASE_STRIP = NO;
				DEBUG_INFORMATION_FORMAT = "dwarf-with-dsym";
				DEVELOPMENT_TEAM = 28TCC8Y78C;
				ENABLE_NS_ASSERTIONS = NO;
				ENABLE_STRICT_OBJC_MSGSEND = YES;
				ENABLE_USER_SCRIPT_SANDBOXING = YES;
				GCC_C_LANGUAGE_STANDARD = gnu17;
				GCC_NO_COMMON_BLOCKS = YES;
				GCC_WARN_64_TO_32_BIT_CONVERSION = YES;
				GCC_WARN_ABOUT_RETURN_TYPE = YES_ERROR;
				GCC_WARN_UNDECLARED_SELECTOR = YES;
				GCC_WARN_UNINITIALIZED_AUTOS = YES_AGGRESSIVE;
				GCC_WARN_UNUSED_FUNCTION = YES;
				GCC_WARN_UNUSED_VARIABLE = YES;
				IPHONEOS_DEPLOYMENT_TARGET = 26.2;
				LOCALIZATION_PREFERS_STRING_CATALOGS = YES;
				MTL_ENABLE_DEBUG_INFO = NO;
				MTL_FAST_MATH = YES;
				SDKROOT = iphoneos;
				SWIFT_COMPILATION_MODE = wholemodule;
				VALIDATE_PRODUCT = YES;
			};
			name = Release;
		};
		CB6DEA802EF6AAAC0019840D /* Debug */ = {
			isa = XCBuildConfiguration;
			buildSettings = {
				ASSETCATALOG_COMPILER_APPICON_NAME = AppIcon;
				ASSETCATALOG_COMPILER_GLOBAL_ACCENT_COLOR_NAME = AccentColor;
				CODE_SIGN_STYLE = Automatic;
				CURRENT_PROJECT_VERSION = 1;
				DEVELOPMENT_TEAM = 28TCC8Y78C;
				ENABLE_PREVIEWS = YES;
				GENERATE_INFOPLIST_FILE = YES;
				INFOPLIST_KEY_UIApplicationSceneManifest_Generation = YES;
				INFOPLIST_KEY_UIApplicationSupportsIndirectInputEvents = YES;
				INFOPLIST_KEY_UILaunchScreen_Generation = YES;
				INFOPLIST_KEY_UISupportedInterfaceOrientations_iPad = "UIInterfaceOrientationPortrait UIInterfaceOrientationPortraitUpsideDown UIInterfaceOrientationLandscapeLeft UIInterfaceOrientationLandscapeRight";
				INFOPLIST_KEY_UISupportedInterfaceOrientations_iPhone = "UIInterfaceOrientationPortrait UIInterfaceOrientationLandscapeLeft UIInterfaceOrientationLandscapeRight";
				LD_RUNPATH_SEARCH_PATHS = (
					"$(inherited)",
					"@executable_path/Frameworks",
				);
				MARKETING_VERSION = 1.0;
				PRODUCT_BUNDLE_IDENTIFIER = GJDRW.DreamWeaver;
				PRODUCT_NAME = "$(TARGET_NAME)";
				STRING_CATALOG_GENERATE_SYMBOLS = YES;
				SWIFT_APPROACHABLE_CONCURRENCY = YES;
				SWIFT_DEFAULT_ACTOR_ISOLATION = MainActor;
				SWIFT_EMIT_LOC_STRINGS = YES;
				SWIFT_UPCOMING_FEATURE_MEMBER_IMPORT_VISIBILITY = YES;
				SWIFT_VERSION = 5.0;
				TARGETED_DEVICE_FAMILY = "1,2";
			};
			name = Debug;
		};
		CB6DEA812EF6AAAC0019840D /* Release */ = {
			isa = XCBuildConfiguration;
			buildSettings = {
				ASSETCATALOG_COMPILER_APPICON_NAME = AppIcon;
				ASSETCATALOG_COMPILER_GLOBAL_ACCENT_COLOR_NAME = AccentColor;
				CODE_SIGN_STYLE = Automatic;
				CURRENT_PROJECT_VERSION = 1;
				DEVELOPMENT_TEAM = 28TCC8Y78C;
				ENABLE_PREVIEWS = YES;
				GENERATE_INFOPLIST_FILE = YES;
				INFOPLIST_KEY_UIApplicationSceneManifest_Generation = YES;
				INFOPLIST_KEY_UIApplicationSupportsIndirectInputEvents = YES;
				INFOPLIST_KEY_UILaunchScreen_Generation = YES;
				INFOPLIST_KEY_UISupportedInterfaceOrientations_iPad = "UIInterfaceOrientationPortrait UIInterfaceOrientationPortraitUpsideDown UIInterfaceOrientationLandscapeLeft UIInterfaceOrientationLandscapeRight";
				INFOPLIST_KEY_UISupportedInterfaceOrientations_iPhone = "UIInterfaceOrientationPortrait UIInterfaceOrientationLandscapeLeft UIInterfaceOrientationLandscapeRight";
				LD_RUNPATH_SEARCH_PATHS = (
					"$(inherited)",
					"@executable_path/Frameworks",
				);
				MARKETING_VERSION = 1.0;
				PRODUCT_BUNDLE_IDENTIFIER = GJDRW.DreamWeaver;
				PRODUCT_NAME = "$(TARGET_NAME)";
				STRING_CATALOG_GENERATE_SYMBOLS = YES;
				SWIFT_APPROACHABLE_CONCURRENCY = YES;
				SWIFT_DEFAULT_ACTOR_ISOLATION = MainActor;
				SWIFT_EMIT_LOC_STRINGS = YES;
				SWIFT_UPCOMING_FEATURE_MEMBER_IMPORT_VISIBILITY = YES;
				SWIFT_VERSION = 5.0;
				TARGETED_DEVICE_FAMILY = "1,2";
			};
			name = Release;
		};
		CB6DEA832EF6AAAC0019840D /* Debug */ = {
			isa = XCBuildConfiguration;
			buildSettings = {
				BUNDLE_LOADER = "$(TEST_HOST)";
				CODE_SIGN_STYLE = Automatic;
				CURRENT_PROJECT_VERSION = 1;
				DEVELOPMENT_TEAM = 28TCC8Y78C;
				GENERATE_INFOPLIST_FILE = YES;
				IPHONEOS_DEPLOYMENT_TARGET = 26.2;
				MARKETING_VERSION = 1.0;
				PRODUCT_BUNDLE_IDENTIFIER = GJDRW.DreamWeaverTests;
				PRODUCT_NAME = "$(TARGET_NAME)";
				STRING_CATALOG_GENERATE_SYMBOLS = NO;
				SWIFT_APPROACHABLE_CONCURRENCY = YES;
				SWIFT_EMIT_LOC_STRINGS = NO;
				SWIFT_UPCOMING_FEATURE_MEMBER_IMPORT_VISIBILITY = YES;
				SWIFT_VERSION = 5.0;
				TARGETED_DEVICE_FAMILY = "1,2";
				TEST_HOST = "$(BUILT_PRODUCTS_DIR)/DreamWeaver.app/$(BUNDLE_EXECUTABLE_FOLDER_PATH)/DreamWeaver";
			};
			name = Debug;
		};
		CB6DEA842EF6AAAC0019840D /* Release */ = {
			isa = XCBuildConfiguration;
			buildSettings = {
				BUNDLE_LOADER = "$(TEST_HOST)";
				CODE_SIGN_STYLE = Automatic;
				CURRENT_PROJECT_VERSION = 1;
				DEVELOPMENT_TEAM = 28TCC8Y78C;
				GENERATE_INFOPLIST_FILE = YES;
				IPHONEOS_DEPLOYMENT_TARGET = 26.2;
				MARKETING_VERSION = 1.0;
				PRODUCT_BUNDLE_IDENTIFIER = GJDRW.DreamWeaverTests;
				PRODUCT_NAME = "$(TARGET_NAME)";
				STRING_CATALOG_GENERATE_SYMBOLS = NO;
				SWIFT_APPROACHABLE_CONCURRENCY = YES;
				SWIFT_EMIT_LOC_STRINGS = NO;
				SWIFT_UPCOMING_FEATURE_MEMBER_IMPORT_VISIBILITY = YES;
				SWIFT_VERSION = 5.0;
				TARGETED_DEVICE_FAMILY = "1,2";
				TEST_HOST = "$(BUILT_PRODUCTS_DIR)/DreamWeaver.app/$(BUNDLE_EXECUTABLE_FOLDER_PATH)/DreamWeaver";
			};
			name = Release;
		};
		CB6DEA862EF6AAAC0019840D /* Debug */ = {
			isa = XCBuildConfiguration;
			buildSettings = {
				CODE_SIGN_STYLE = Automatic;
				CURRENT_PROJECT_VERSION = 1;
				DEVELOPMENT_TEAM = 28TCC8Y78C;
				GENERATE_INFOPLIST_FILE = YES;
				MARKETING_VERSION = 1.0;
				PRODUCT_BUNDLE_IDENTIFIER = GJDRW.DreamWeaverUITests;
				PRODUCT_NAME = "$(TARGET_NAME)";
				STRING_CATALOG_GENERATE_SYMBOLS = NO;
				SWIFT_APPROACHABLE_CONCURRENCY = YES;
				SWIFT_EMIT_LOC_STRINGS = NO;
				SWIFT_UPCOMING_FEATURE_MEMBER_IMPORT_VISIBILITY = YES;
				SWIFT_VERSION = 5.0;
				TARGETED_DEVICE_FAMILY = "1,2";
				TEST_TARGET_NAME = DreamWeaver;
			};
			name = Debug;
		};
		CB6DEA872EF6AAAC0019840D /* Release */ = {
			isa = XCBuildConfiguration;
			buildSettings = {
				CODE_SIGN_STYLE = Automatic;
				CURRENT_PROJECT_VERSION = 1;
				DEVELOPMENT_TEAM = 28TCC8Y78C;
				GENERATE_INFOPLIST_FILE = YES;
				MARKETING_VERSION = 1.0;
				PRODUCT_BUNDLE_IDENTIFIER = GJDRW.DreamWeaverUITests;
				PRODUCT_NAME = "$(TARGET_NAME)";
				STRING_CATALOG_GENERATE_SYMBOLS = NO;
				SWIFT_APPROACHABLE_CONCURRENCY = YES;
				SWIFT_EMIT_LOC_STRINGS = NO;
				SWIFT_UPCOMING_FEATURE_MEMBER_IMPORT_VISIBILITY = YES;
				SWIFT_VERSION = 5.0;
				TARGETED_DEVICE_FAMILY = "1,2";
				TEST_TARGET_NAME = DreamWeaver;
			};
			name = Release;
		};
		CB6DF1602EF6BC7F0019840D /* Debug */ = {
			isa = XCBuildConfiguration;
			buildSettings = {
				ASSETCATALOG_COMPILER_APPICON_NAME = AppIcon;
				CODE_SIGN_STYLE = Automatic;
				CURRENT_PROJECT_VERSION = 1;
				DEVELOPMENT_TEAM = 28TCC8Y78C;
				GENERATE_INFOPLIST_FILE = YES;
				IBSC_MODULE = DreamWeaver_WatchKit_Extension;
				INFOPLIST_KEY_WKCompanionAppBundleIdentifier = GJDRW.DreamWeaver;
				MARKETING_VERSION = 1.0;
				PRODUCT_BUNDLE_IDENTIFIER = GJDRW.DreamWeaver.watchkitapp;
				PRODUCT_NAME = "$(TARGET_NAME)";
				SDKROOT = watchos;
				SKIP_INSTALL = YES;
				TARGETED_DEVICE_FAMILY = 4;
				WATCHOS_DEPLOYMENT_TARGET = 11.0;
			};
			name = Debug;
		};
		CB6DF1612EF6BC7F0019840D /* Release */ = {
			isa = XCBuildConfiguration;
			buildSettings = {
				ASSETCATALOG_COMPILER_APPICON_NAME = AppIcon;
				CODE_SIGN_STYLE = Automatic;
				CURRENT_PROJECT_VERSION = 1;
				DEVELOPMENT_TEAM = 28TCC8Y78C;
				GENERATE_INFOPLIST_FILE = YES;
				IBSC_MODULE = DreamWeaver_WatchKit_Extension;
				INFOPLIST_KEY_WKCompanionAppBundleIdentifier = GJDRW.DreamWeaver;
				MARKETING_VERSION = 1.0;
				PRODUCT_BUNDLE_IDENTIFIER = GJDRW.DreamWeaver.watchkitapp;
				PRODUCT_NAME = "$(TARGET_NAME)";
				SDKROOT = watchos;
				SKIP_INSTALL = YES;
				TARGETED_DEVICE_FAMILY = 4;
				WATCHOS_DEPLOYMENT_TARGET = 11.0;
			};
			name = Release;
		};
		CB6DF1622EF6BC7F0019840D /* Debug */ = {
			isa = XCBuildConfiguration;
			buildSettings = {
				ASSETCATALOG_COMPILER_GENERATE_SWIFT_ASSET_SYMBOL_EXTENSIONS = YES;
				CODE_SIGN_STYLE = Automatic;
				CURRENT_PROJECT_VERSION = 1;
				DEVELOPMENT_TEAM = 28TCC8Y78C;
				ENABLE_PREVIEWS = YES;
				GENERATE_INFOPLIST_FILE = NO;
				INFOPLIST_FILE = "../../Iwatch/WatchExtension-Info.plist";
				LD_RUNPATH_SEARCH_PATHS = (
					"$(inherited)",
					"@executable_path/Frameworks",
					"@executable_path/../../Frameworks",
				);
				MARKETING_VERSION = 1.0;
				PRODUCT_BUNDLE_IDENTIFIER = GJDRW.DreamWeaver.watchkitapp.watchkitextension;
				PRODUCT_NAME = "$(TARGET_NAME)";
				SDKROOT = watchos;
				SKIP_INSTALL = YES;
				STRING_CATALOG_GENERATE_SYMBOLS = YES;
				SWIFT_APPROACHABLE_CONCURRENCY = YES;
				SWIFT_DEFAULT_ACTOR_ISOLATION = MainActor;
				SWIFT_EMIT_LOC_STRINGS = YES;
				SWIFT_VERSION = 5.0;
				TARGETED_DEVICE_FAMILY = 4;
				WATCHOS_DEPLOYMENT_TARGET = 11.0;
				WK_APP_BUNDLE_IDENTIFIER = GJDRW.DreamWeaver.watchkitapp;
			};
			name = Debug;
		};
		CB6DF1632EF6BC7F0019840D /* Release */ = {
			isa = XCBuildConfiguration;
			buildSettings = {
				ASSETCATALOG_COMPILER_GENERATE_SWIFT_ASSET_SYMBOL_EXTENSIONS = YES;
				CODE_SIGN_STYLE = Automatic;
				CURRENT_PROJECT_VERSION = 1;
				DEVELOPMENT_TEAM = 28TCC8Y78C;
				ENABLE_PREVIEWS = NO;
				GENERATE_INFOPLIST_FILE = NO;
				INFOPLIST_FILE = "../../Iwatch/WatchExtension-Info.plist";
				LD_RUNPATH_SEARCH_PATHS = (
					"$(inherited)",
					"@executable_path/Frameworks",
					"@executable_path/../../Frameworks",
				);
				MARKETING_VERSION = 1.0;
				PRODUCT_BUNDLE_IDENTIFIER = GJDRW.DreamWeaver.watchkitapp.watchkitextension;
				PRODUCT_NAME = "$(TARGET_NAME)";
				SDKROOT = watchos;
				SKIP_INSTALL = YES;
				STRING_CATALOG_GENERATE_SYMBOLS = YES;
				SWIFT_APPROACHABLE_CONCURRENCY = YES;
				SWIFT_DEFAULT_ACTOR_ISOLATION = MainActor;
				SWIFT_EMIT_LOC_STRINGS = YES;
				SWIFT_VERSION = 5.0;
				TARGETED_DEVICE_FAMILY = 4;
				WATCHOS_DEPLOYMENT_TARGET = 11.0;
				WK_APP_BUNDLE_IDENTIFIER = GJDRW.DreamWeaver.watchkitapp;
			};
			name = Release;
		};
/* End XCBuildConfiguration section */

/* Begin XCConfigurationList section */
		CB6DEA572EF6AAAA0019840D /* Build configuration list for PBXProject "DreamWeaver" */ = {
			isa = XCConfigurationList;
			buildConfigurations = (
				CB6DEA7D2EF6AAAC0019840D /* Debug */,
				CB6DEA7E2EF6AAAC0019840D /* Release */,
			);
			defaultConfigurationIsVisible = 0;
			defaultConfigurationName = Release;
		};
		CB6DEA7F2EF6AAAC0019840D /* Build configuration list for PBXNativeTarget "DreamWeaver" */ = {
			isa = XCConfigurationList;
			buildConfigurations = (
				CB6DEA802EF6AAAC0019840D /* Debug */,
				CB6DEA812EF6AAAC0019840D /* Release */,
			);
			defaultConfigurationIsVisible = 0;
			defaultConfigurationName = Release;
		};
		CB6DEA822EF6AAAC0019840D /* Build configuration list for PBXNativeTarget "DreamWeaverTests" */ = {
			isa = XCConfigurationList;
			buildConfigurations = (
				CB6DEA832EF6AAAC0019840D /* Debug */,
				CB6DEA842EF6AAAC0019840D /* Release */,
			);
			defaultConfigurationIsVisible = 0;
			defaultConfigurationName = Release;
		};
		CB6DEA852EF6AAAC0019840D /* Build configuration list for PBXNativeTarget "DreamWeaverUITests" */ = {
			isa = XCConfigurationList;
			buildConfigurations = (
				CB6DEA862EF6AAAC0019840D /* Debug */,
				CB6DEA872EF6AAAC0019840D /* Release */,
			);
			defaultConfigurationIsVisible = 0;
			defaultConfigurationName = Release;
		};
		CB6DF1642EF6BC7F0019840D /* Build configuration list for PBXNativeTarget "DreamWeaver WatchKit App" */ = {
			isa = XCConfigurationList;
			buildConfigurations = (
				CB6DF1602EF6BC7F0019840D /* Debug */,
				CB6DF1612EF6BC7F0019840D /* Release */,
			);
			defaultConfigurationIsVisible = 0;
			defaultConfigurationName = Release;
		};
		CB6DF1652EF6BC7F0019840D /* Build configuration list for PBXNativeTarget "DreamWeaver WatchKit Extension" */ = {
			isa = XCConfigurationList;
			buildConfigurations = (
				CB6DF1622EF6BC7F0019840D /* Debug */,
				CB6DF1632EF6BC7F0019840D /* Release */,
			);
			defaultConfigurationIsVisible = 0;
			defaultConfigurationName = Release;
		};
/* End XCConfigurationList section */
	};
	rootObject = CB6DEA542EF6AAAA0019840D /* Project object */;
}
